
Microsoft Visual Studio Solution File, Format Version 12.00
# Visual Studio 15
VisualStudioVersion = 15.0.27428.2005
MinimumVisualStudioVersion = 10.0.40219.1
Project("{8BC9CEB8-8B4A-11D0-8D11-00A0C91BC942}") = "ProjectSearch", "ProjectSearch\ProjectSearch.vcxproj", "{371F7061-E8A5-4C2F-A7DA-B944A8DC12E4}"
EndProject
Global
	GlobalSection(SolutionConfigurationPlatforms) = preSolution
		Debug|x64 = Debug|x64
		Debug|x86 = Debug|x86
		Release|x64 = Release|x64
		Release|x86 = Release|x86
	EndGlobalSection
	GlobalSection(ProjectConfigurationPlatforms) = postSolution
		{371F7061-E8A5-4C2F-A7DA-B944A8DC12E4}.Debug|x64.ActiveCfg = Debug|x64
		{371F7061-E8A5-4C2F-A7DA-B944A8DC12E4}.Debug|x64.Build.0 = Debug|x64
		{371F7061-E8A5-4C2F-A7DA-B944A8DC12E4}.Debug|x86.ActiveCfg = Debug|Win32
		{371F7061-E8A5-4C2F-A7DA-B944A8DC12E4}.Debug|x86.Build.0 = Debug|Win32
		{371F7061-E8A5-4C2F-A7DA-B944A8DC12E4}.Release|x64.ActiveCfg = Release|x64
		{371F7061-E8A5-4C2F-A7DA-B944A8DC12E4}.Release|x64.Build.0 = Release|x64
		{371F7061-E8A5-4C2F-A7DA-B944A8DC12E4}.Release|x86.ActiveCfg = Release|Win32
		{371F7061-E8A5-4C2F-A7DA-B944A8DC12E4}.Release|x86.Build.0 = Release|Win32
	EndGlobalSection
	GlobalSection(SolutionProperties) = preSolution
		HideSolutionNode = FALSE
	EndGlobalSection
	GlobalSection(ExtensibilityGlobals) = postSolution
		SolutionGuid = {9B309B9F-C118-44BE-B0A0-81BDF72EA305}
	EndGlobalSection
EndGlobal
